Microsoft Visual Studio Solution File, Format Version 12.00
# Visual Studio Version 17
VisualStudioVersion = 17.8.34525.116
MinimumVisualStudioVersion = 10.0.40219.1
Project("{2150E333-8FDC-42A3-9474-1A3956D46DE8}") = "Admin", "Admin", "{01000000-0000-0000-0000-000000000000}"
EndProject
Project("{9A19103F-16F7-4668-BE54-9A1E7A4F7556}") = "QAMS.Admin.API", "Admin\QAMS.Admin.API\QAMS.Admin.API.csproj", "{9A990000-0000-0000-0000-000000000000}"
EndProject
Project("{9A19103F-16F7-4668-BE54-9A1E7A4F7556}") = "QAMS.Admin.CustomDataAccess", "Admin\QAMS.Admin.CustomDataAccess\QAMS.Admin.CustomDataAccess.csproj", "{9B990000-0000-0000-0000-000000000000}"
EndProject
Project("{9A19103F-16F7-4668-BE54-9A1E7A4F7556}") = "QAMS.Admin.CustomServices", "Admin\QAMS.Admin.CustomServices\QAMS.Admin.CustomServices.csproj", "{9C990000-0000-0000-0000-000000000000}"
EndProject
Project("{9A19103F-16F7-4668-BE54-9A1E7A4F7556}") = "QAMS.Admin.DataAccess", "Admin\QAMS.Admin.DataAccess\QAMS.Admin.DataAccess.csproj", "{9D990000-0000-0000-0000-000000000000}"
EndProject
Project("{9A19103F-16F7-4668-BE54-9A1E7A4F7556}") = "QAMS.Admin.Services", "Admin\QAMS.Admin.Services\QAMS.Admin.Services.csproj", "{9E990000-0000-0000-0000-000000000000}"
EndProject
Project("{9A19103F-16F7-4668-BE54-9A1E7A4F7556}") = "QAMS.Admin.Tests", "Admin\QAMS.Admin.Tests\QAMS.Admin.Tests.csproj", "{9F990000-0000-0000-0000-000000000000}"
EndProject
Project("{2150E333-8FDC-42A3-9474-1A3956D46DE8}") = "API", "API", "{02000000-0000-0000-0000-000000000000}"
EndProject
Project("{9A19103F-16F7-4668-BE54-9A1E7A4F7556}") = "QAMS.WEB.API", "WEB\QAMS.WEB.API\QAMS.WEB.API.csproj", "{A0990000-0000-0000-0000-000000000000}"
EndProject
Project("{9A19103F-16F7-4668-BE54-9A1E7A4F7556}") = "QAMS.WEB.DataAccess", "WEB\QAMS.WEB.DataAccess\QAMS.WEB.DataAccess.csproj", "{A3990000-0000-0000-0000-000000000000}"
EndProject
Project("{9A19103F-16F7-4668-BE54-9A1E7A4F7556}") = "QAMS.WEB.Services", "WEB\QAMS.WEB.Services\QAMS.WEB.Services.csproj", "{A4990000-0000-0000-0000-000000000000}"
EndProject
Project("{9A19103F-16F7-4668-BE54-9A1E7A4F7556}") = "QAMS.WEB.Tests", "WEB\QAMS.WEB.Tests\QAMS.WEB.Tests.csproj", "{A5990000-0000-0000-0000-000000000000}"
EndProject
Project("{9A19103F-16F7-4668-BE54-9A1E7A4F7556}") = "QAMS.Entities", "QAMS.Entities\QAMS.Entities.csproj", "{A6990000-0000-0000-0000-000000000000}"
EndProject
Project("{2150E333-8FDC-42A3-9474-1A3956D46DE8}") = "Database", "Database", "{62ADC678-7EF2-4453-BDCC-F8FA1FA9E5D1}"
EndProject
Project("{00D1A9C2-B5F0-4AF3-8072-F6C62B433612}") = "QAMS.Database", "QAMS.Database\QAMS.Database.sqlproj", "{9D224F9E-C47B-40D9-AEC9-41C57A309A97}"
EndProject
Project("{2150E333-8FDC-42A3-9474-1A3956D46DE8}") = "QAMSWEBAPP", "QAMSWEBAPP", "{11CD4E75-CF9B-4996-BA0E-03E9B4EACB92}"
EndProject
Project("{FAE04EC0-301F-11D3-BF4B-00C04F79EFBC}") = "QAMS-WebApp", "QAMS-WebApp\QAMS-WebApp.csproj", "{CD09F182-6406-4F23-B7EB-5903E6C86F1A}"
EndProject
Global
	GlobalSection(SolutionConfigurationPlatforms) = preSolution
		Debug|Any CPU = Debug|Any CPU
		Release|Any CPU = Release|Any CPU
	EndGlobalSection
	GlobalSection(ProjectConfigurationPlatforms) = postSolution
		{9A990000-0000-0000-0000-000000000000}.Debug|Any CPU.ActiveCfg = Debug|Any CPU
		{9A990000-0000-0000-0000-000000000000}.Debug|Any CPU.Build.0 = Debug|Any CPU
		{9A990000-0000-0000-0000-000000000000}.Release|Any CPU.ActiveCfg = Debug|Any CPU
		{9A990000-0000-0000-0000-000000000000}.Release|Any CPU.Build.0 = Debug|Any CPU
		{9B990000-0000-0000-0000-000000000000}.Debug|Any CPU.ActiveCfg = Debug|Any CPU
		{9B990000-0000-0000-0000-000000000000}.Debug|Any CPU.Build.0 = Debug|Any CPU
		{9B990000-0000-0000-0000-000000000000}.Release|Any CPU.ActiveCfg = Debug|Any CPU
		{9B990000-0000-0000-0000-000000000000}.Release|Any CPU.Build.0 = Debug|Any CPU
		{9C990000-0000-0000-0000-000000000000}.Debug|Any CPU.ActiveCfg = Debug|Any CPU
		{9C990000-0000-0000-0000-000000000000}.Debug|Any CPU.Build.0 = Debug|Any CPU
		{9C990000-0000-0000-0000-000000000000}.Release|Any CPU.ActiveCfg = Debug|Any CPU
		{9C990000-0000-0000-0000-000000000000}.Release|Any CPU.Build.0 = Debug|Any CPU
		{9D990000-0000-0000-0000-000000000000}.Debug|Any CPU.ActiveCfg = Debug|Any CPU
		{9D990000-0000-0000-0000-000000000000}.Debug|Any CPU.Build.0 = Debug|Any CPU
		{9D990000-0000-0000-0000-000000000000}.Release|Any CPU.ActiveCfg = Debug|Any CPU
		{9D990000-0000-0000-0000-000000000000}.Release|Any CPU.Build.0 = Debug|Any CPU
		{9E990000-0000-0000-0000-000000000000}.Debug|Any CPU.ActiveCfg = Debug|Any CPU
		{9E990000-0000-0000-0000-000000000000}.Debug|Any CPU.Build.0 = Debug|Any CPU
		{9E990000-0000-0000-0000-000000000000}.Release|Any CPU.ActiveCfg = Debug|Any CPU
		{9E990000-0000-0000-0000-000000000000}.Release|Any CPU.Build.0 = Debug|Any CPU
		{9F990000-0000-0000-0000-000000000000}.Debug|Any CPU.ActiveCfg = Debug|Any CPU
		{9F990000-0000-0000-0000-000000000000}.Debug|Any CPU.Build.0 = Debug|Any CPU
		{9F990000-0000-0000-0000-000000000000}.Release|Any CPU.ActiveCfg = Debug|Any CPU
		{9F990000-0000-0000-0000-000000000000}.Release|Any CPU.Build.0 = Debug|Any CPU
		{A0990000-0000-0000-0000-000000000000}.Debug|Any CPU.ActiveCfg = Debug|Any CPU
		{A0990000-0000-0000-0000-000000000000}.Debug|Any CPU.Build.0 = Debug|Any CPU
		{A0990000-0000-0000-0000-000000000000}.Release|Any CPU.ActiveCfg = Debug|Any CPU
		{A0990000-0000-0000-0000-000000000000}.Release|Any CPU.Build.0 = Debug|Any CPU
		{A3990000-0000-0000-0000-000000000000}.Debug|Any CPU.ActiveCfg = Debug|Any CPU
		{A3990000-0000-0000-0000-000000000000}.Debug|Any CPU.Build.0 = Debug|Any CPU
		{A3990000-0000-0000-0000-000000000000}.Release|Any CPU.ActiveCfg = Debug|Any CPU
		{A3990000-0000-0000-0000-000000000000}.Release|Any CPU.Build.0 = Debug|Any CPU
		{A4990000-0000-0000-0000-000000000000}.Debug|Any CPU.ActiveCfg = Debug|Any CPU
		{A4990000-0000-0000-0000-000000000000}.Debug|Any CPU.Build.0 = Debug|Any CPU
		{A4990000-0000-0000-0000-000000000000}.Release|Any CPU.ActiveCfg = Debug|Any CPU
		{A4990000-0000-0000-0000-000000000000}.Release|Any CPU.Build.0 = Debug|Any CPU
		{A5990000-0000-0000-0000-000000000000}.Debug|Any CPU.ActiveCfg = Debug|Any CPU
		{A5990000-0000-0000-0000-000000000000}.Debug|Any CPU.Build.0 = Debug|Any CPU
		{A5990000-0000-0000-0000-000000000000}.Release|Any CPU.ActiveCfg = Debug|Any CPU
		{A5990000-0000-0000-0000-000000000000}.Release|Any CPU.Build.0 = Debug|Any CPU
		{A6990000-0000-0000-0000-000000000000}.Debug|Any CPU.ActiveCfg = Debug|Any CPU
		{A6990000-0000-0000-0000-000000000000}.Debug|Any CPU.Build.0 = Debug|Any CPU
		{A6990000-0000-0000-0000-000000000000}.Release|Any CPU.ActiveCfg = Debug|Any CPU
		{A6990000-0000-0000-0000-000000000000}.Release|Any CPU.Build.0 = Debug|Any CPU
		{9D224F9E-C47B-40D9-AEC9-41C57A309A97}.Debug|Any CPU.ActiveCfg = Debug|Any CPU
		{9D224F9E-C47B-40D9-AEC9-41C57A309A97}.Debug|Any CPU.Build.0 = Debug|Any CPU
		{9D224F9E-C47B-40D9-AEC9-41C57A309A97}.Debug|Any CPU.Deploy.0 = Debug|Any CPU
		{9D224F9E-C47B-40D9-AEC9-41C57A309A97}.Release|Any CPU.ActiveCfg = Release|Any CPU
		{9D224F9E-C47B-40D9-AEC9-41C57A309A97}.Release|Any CPU.Build.0 = Release|Any CPU
		{9D224F9E-C47B-40D9-AEC9-41C57A309A97}.Release|Any CPU.Deploy.0 = Release|Any CPU
		{CD09F182-6406-4F23-B7EB-5903E6C86F1A}.Debug|Any CPU.ActiveCfg = Debug|Any CPU
		{CD09F182-6406-4F23-B7EB-5903E6C86F1A}.Debug|Any CPU.Build.0 = Debug|Any CPU
		{CD09F182-6406-4F23-B7EB-5903E6C86F1A}.Release|Any CPU.ActiveCfg = Release|Any CPU
		{CD09F182-6406-4F23-B7EB-5903E6C86F1A}.Release|Any CPU.Build.0 = Release|Any CPU
	EndGlobalSection
	GlobalSection(SolutionProperties) = preSolution
		HideSolutionNode = FALSE
	EndGlobalSection
	GlobalSection(NestedProjects) = preSolution
		{9A990000-0000-0000-0000-000000000000} = {01000000-0000-0000-0000-000000000000}
		{9B990000-0000-0000-0000-000000000000} = {01000000-0000-0000-0000-000000000000}
		{9C990000-0000-0000-0000-000000000000} = {01000000-0000-0000-0000-000000000000}
		{9D990000-0000-0000-0000-000000000000} = {01000000-0000-0000-0000-000000000000}
		{9E990000-0000-0000-0000-000000000000} = {01000000-0000-0000-0000-000000000000}
		{9F990000-0000-0000-0000-000000000000} = {01000000-0000-0000-0000-000000000000}
		{A0990000-0000-0000-0000-000000000000} = {02000000-0000-0000-0000-000000000000}
		{A3990000-0000-0000-0000-000000000000} = {02000000-0000-0000-0000-000000000000}
		{A4990000-0000-0000-0000-000000000000} = {02000000-0000-0000-0000-000000000000}
		{A5990000-0000-0000-0000-000000000000} = {02000000-0000-0000-0000-000000000000}
		{9D224F9E-C47B-40D9-AEC9-41C57A309A97} = {62ADC678-7EF2-4453-BDCC-F8FA1FA9E5D1}
		{CD09F182-6406-4F23-B7EB-5903E6C86F1A} = {11CD4E75-CF9B-4996-BA0E-03E9B4EACB92}
	EndGlobalSection
	GlobalSection(ExtensibilityGlobals) = postSolution
		SolutionGuid = {4B22BE3D-1236-4042-B41D-493CB2915489}
	EndGlobalSection
EndGlobal
